// !$*UTF8*$!
{
	archiveVersion = 1;
	classes = {
	};
	objectVersion = 56;
	objects = {

/* Begin PBXBuildFile section */
		2643ED282BFC968D00BC15CF /* MapmoryApp.swift in Sources */ = {isa = PBXBuildFile; fileRef = 2643ED272BFC968D00BC15CF /* MapmoryApp.swift */; };
		2643ED2A2BFC968D00BC15CF /* ContentView.swift in Sources */ = {isa = PBXBuildFile; fileRef = 2643ED292BFC968D00BC15CF /* ContentView.swift */; };
		2643ED2C2BFC968F00BC15CF /* Assets.xcassets in Resources */ = {isa = PBXBuildFile; fileRef = 2643ED2B2BFC968F00BC15CF /* Assets.xcassets */; };
		2643ED2F2BFC968F00BC15CF /* Preview Assets.xcassets in Resources */ = {isa = PBXBuildFile; fileRef = 2643ED2E2BFC968F00BC15CF /* Preview Assets.xcassets */; };
		2643ED3B2BFC970F00BC15CF /* Location.swift in Sources */ = {isa = PBXBuildFile; fileRef = 2643ED3A2BFC970F00BC15CF /* Location.swift */; };
		2643ED3D2BFC971E00BC15CF /* HistoricalEvent.swift in Sources */ = {isa = PBXBuildFile; fileRef = 2643ED3C2BFC971E00BC15CF /* HistoricalEvent.swift */; };
		2643ED3F2BFC9A2700BC15CF /* LocationManager.swift in Sources */ = {isa = PBXBuildFile; fileRef = 2643ED3E2BFC9A2700BC15CF /* LocationManager.swift */; };
/* End PBXBuildFile section */

/* Begin PBXFileReference section */
		2643ED242BFC968D00BC15CF /* Mapmory.app */ = {isa = PBXFileReference; explicitFileType = wrapper.application; includeInIndex = 0; path = Mapmory.app; sourceTree = BUILT_PRODUCTS_DIR; };
		2643ED272BFC968D00BC15CF /* MapmoryApp.swift */ = {isa = PBXFileReference; lastKnownFileType = sourcecode.swift; path = MapmoryApp.swift; sourceTree = "<group>"; };
		2643ED292BFC968D00BC15CF /* ContentView.swift */ = {isa = PBXFileReference; lastKnownFileType = sourcecode.swift; path = ContentView.swift; sourceTree = "<group>"; };
		2643ED2B2BFC968F00BC15CF /* Assets.xcassets */ = {isa = PBXFileReference; lastKnownFileType = folder.assetcatalog; path = Assets.xcassets; sourceTree = "<group>"; };
		2643ED2E2BFC968F00BC15CF /* Preview Assets.xcassets */ = {isa = PBXFileReference; lastKnownFileType = folder.assetcatalog; path = "Preview Assets.xcassets"; sourceTree = "<group>"; };
		2643ED3A2BFC970F00BC15CF /* Location.swift */ = {isa = PBXFileReference; lastKnownFileType = sourcecode.swift; path = Location.swift; sourceTree = "<group>"; };
		2643ED3C2BFC971E00BC15CF /* HistoricalEvent.swift */ = {isa = PBXFileReference; lastKnownFileType = sourcecode.swift; path = HistoricalEvent.swift; sourceTree = "<group>"; };
		2643ED3E2BFC9A2700BC15CF /* LocationManager.swift */ = {isa = PBXFileReference; lastKnownFileType = sourcecode.swift; path = LocationManager.swift; sourceTree = "<group>"; };
/* End PBXFileReference section */

/* Begin PBXFrameworksBuildPhase section */
		2643ED212BFC968D00BC15CF /* Frameworks */ = {
			isa = PBXFrameworksBuildPhase;
			buildActionMask = 2147483647;
			files = (
			);
			runOnlyForDeploymentPostprocessing = 0;
		};
/* End PBXFrameworksBuildPhase section */

/* Begin PBXGroup section */
		2643ED1B2BFC968D00BC15CF = {
			isa = PBXGroup;
			children = (
				2643ED262BFC968D00BC15CF /* Mapmory */,
				2643ED252BFC968D00BC15CF /* Products */,
			);
			sourceTree = "<group>";
		};
		2643ED252BFC968D00BC15CF /* Products */ = {
			isa = PBXGroup;
			children = (
				2643ED242BFC968D00BC15CF /* Mapmory.app */,
			);
			name = Products;
			sourceTree = "<group>";
		};
		2643ED262BFC968D00BC15CF /* Mapmory */ = {
			isa = PBXGroup;
			children = (
				2643ED272BFC968D00BC15CF /* MapmoryApp.swift */,
				2643ED352BFC96A100BC15CF /* View */,
				2643ED362BFC96AE00BC15CF /* Model */,
				2643ED372BFC96C200BC15CF /* Helper */,
				2643ED2B2BFC968F00BC15CF /* Assets.xcassets */,
				2643ED2D2BFC968F00BC15CF /* Preview Content */,
			);
			path = Mapmory;
			sourceTree = "<group>";
		};
		2643ED2D2BFC968F00BC15CF /* Preview Content */ = {
			isa = PBXGroup;
			children = (
				2643ED2E2BFC968F00BC15CF /* Preview Assets.xcassets */,
			);
			path = "Preview Content";
			sourceTree = "<group>";
		};
		2643ED352BFC96A100BC15CF /* View */ = {
			isa = PBXGroup;
			children = (
				2643ED292BFC968D00BC15CF /* ContentView.swift */,
				2643ED382BFC96D000BC15CF /* Presentation */,
				2643ED392BFC96D900BC15CF /* Component */,
			);
			path = View;
			sourceTree = "<group>";
		};
		2643ED362BFC96AE00BC15CF /* Model */ = {
			isa = PBXGroup;
			children = (
				2643ED3A2BFC970F00BC15CF /* Location.swift */,
				2643ED3C2BFC971E00BC15CF /* HistoricalEvent.swift */,
			);
			path = Model;
			sourceTree = "<group>";
		};
		2643ED372BFC96C200BC15CF /* Helper */ = {
			isa = PBXGroup;
			children = (
				2643ED3E2BFC9A2700BC15CF /* LocationManager.swift */,
			);
			path = Helper;
			sourceTree = "<group>";
		};
		2643ED382BFC96D000BC15CF /* Presentation */ = {
			isa = PBXGroup;
			children = (
			);
			path = Presentation;
			sourceTree = "<group>";
		};
		2643ED392BFC96D900BC15CF /* Component */ = {
			isa = PBXGroup;
			children = (
			);
			path = Component;
			sourceTree = "<group>";
		};
/* End PBXGroup section */

/* Begin PBXNativeTarget section */
		2643ED232BFC968D00BC15CF /* Mapmory */ = {
			isa = PBXNativeTarget;
			buildConfigurationList = 2643ED322BFC968F00BC15CF /* Build configuration list for PBXNativeTarget "Mapmory" */;
			buildPhases = (
				2643ED202BFC968D00BC15CF /* Sources */,
				2643ED212BFC968D00BC15CF /* Frameworks */,
				2643ED222BFC968D00BC15CF /* Resources */,
			);
			buildRules = (
			);
			dependencies = (
			);
			name = Mapmory;
			productName = Mapmory;
			productReference = 2643ED242BFC968D00BC15CF /* Mapmory.app */;
			productType = "com.apple.product-type.application";
		};
/* End PBXNativeTarget section */

/* Begin PBXProject section */
		2643ED1C2BFC968D00BC15CF /* Project object */ = {
			isa = PBXProject;
			attributes = {
				BuildIndependentTargetsInParallel = 1;
				LastSwiftUpdateCheck = 1530;
				LastUpgradeCheck = 1530;
				TargetAttributes = {
					2643ED232BFC968D00BC15CF = {
						CreatedOnToolsVersion = 15.3;
					};
				};
			};
			buildConfigurationList = 2643ED1F2BFC968D00BC15CF /* Build configuration list for PBXProject "Mapmory" */;
			compatibilityVersion = "Xcode 14.0";
			developmentRegion = en;
			hasScannedForEncodings = 0;
			knownRegions = (
				en,
				Base,
			);
			mainGroup = 2643ED1B2BFC968D00BC15CF;
			productRefGroup = 2643ED252BFC968D00BC15CF /* Products */;
			projectDirPath = "";
			projectRoot = "";
			targets = (
				2643ED232BFC968D00BC15CF /* Mapmory */,
			);
		};
/* End PBXProject section */

/* Begin PBXResourcesBuildPhase section */
		2643ED222BFC968D00BC15CF /* Resources */ = {
			isa = PBXResourcesBuildPhase;
			buildActionMask = 2147483647;
			files = (
				2643ED2F2BFC968F00BC15CF /* Preview Assets.xcassets in Resources */,
				2643ED2C2BFC968F00BC15CF /* Assets.xcassets in Resources */,
			);
			runOnlyForDeploymentPostprocessing = 0;
		};
/* End PBXResourcesBuildPhase section */

/* Begin PBXSourcesBuildPhase section */
		2643ED202BFC968D00BC15CF /* Sources */ = {
			isa = PBXSourcesBuildPhase;
			buildActionMask = 2147483647;
			files = (
				2643ED3D2BFC971E00BC15CF /* HistoricalEvent.swift in Sources */,
				2643ED2A2BFC968D00BC15CF /* ContentView.swift in Sources */,
				2643ED3F2BFC9A2700BC15CF /* LocationManager.swift in Sources */,
				2643ED3B2BFC970F00BC15CF /* Location.swift in Sources */,
				2643ED282BFC968D00BC15CF /* MapmoryApp.swift in Sources */,
			);
			runOnlyForDeploymentPostprocessing = 0;
		};
/* End PBXSourcesBuildPhase section */

/* Begin XCBuildConfiguration section */
		2643ED302BFC968F00BC15CF /* Debug */ = {
			isa = XCBuildConfiguration;
			buildSettings = {
				ALWAYS_SEARCH_USER_PATHS = NO;
				ASSETCATALOG_COMPILER_GENERATE_SWIFT_ASSET_SYMBOL_EXTENSIONS = YES;
				CLANG_ANALYZER_NONNULL = YES;
				CLANG_ANALYZER_NUMBER_OBJECT_CONVERSION = YES_AGGRESSIVE;
				CLANG_CXX_LANGUAGE_STANDARD = "gnu++20";
				CLANG_ENABLE_MODULES = YES;
				CLANG_ENABLE_OBJC_ARC = YES;
				CLANG_ENABLE_OBJC_WEAK = YES;
				CLANG_WARN_BLOCK_CAPTURE_AUTORELEASING = YES;
				CLANG_WARN_BOOL_CONVERSION = YES;
				CLANG_WARN_COMMA = YES;
				CLANG_WARN_CONSTANT_CONVERSION = YES;
				CLANG_WARN_DEPRECATED_OBJC_IMPLEMENTATIONS = YES;
				CLANG_WARN_DIRECT_OBJC_ISA_USAGE = YES_ERROR;
				CLANG_WARN_DOCUMENTATION_COMMENTS = YES;
				CLANG_WARN_EMPTY_BODY = YES;
				CLANG_WARN_ENUM_CONVERSION = YES;
				CLANG_WARN_INFINITE_RECURSION = YES;
				CLANG_WARN_INT_CONVERSION = YES;
				CLANG_WARN_NON_LITERAL_NULL_CONVERSION = YES;
				CLANG_WARN_OBJC_IMPLICIT_RETAIN_SELF = YES;
				CLANG_WARN_OBJC_LITERAL_CONVERSION = YES;
				CLANG_WARN_OBJC_ROOT_CLASS = YES_ERROR;
				CLANG_WARN_QUOTED_INCLUDE_IN_FRAMEWORK_HEADER = YES;
				CLANG_WARN_RANGE_LOOP_ANALYSIS = YES;
				CLANG_WARN_STRICT_PROTOTYPES = YES;
				CLANG_WARN_SUSPICIOUS_MOVE = YES;
				CLANG_WARN_UNGUARDED_AVAILABILITY = YES_AGGRESSIVE;
				CLANG_WARN_UNREACHABLE_CODE = YES;
				CLANG_WARN__DUPLICATE_METHOD_MATCH = YES;
				COPY_PHASE_STRIP = NO;
				DEBUG_INFORMATION_FORMAT = dwarf;
				ENABLE_STRICT_OBJC_MSGSEND = YES;
				ENABLE_TESTABILITY = YES;
				ENABLE_USER_SCRIPT_SANDBOXING = YES;
				GCC_C_LANGUAGE_STANDARD = gnu17;
				GCC_DYNAMIC_NO_PIC = NO;
				GCC_NO_COMMON_BLOCKS = YES;
				GCC_OPTIMIZATION_LEVEL = 0;
				GCC_PREPROCESSOR_DEFINITIONS = (
					"DEBUG=1",
					"$(inherited)",
				);
				GCC_WARN_64_TO_32_BIT_CONVERSION = YES;
				GCC_WARN_ABOUT_RETURN_TYPE = YES_ERROR;
				GCC_WARN_UNDECLARED_SELECTOR = YES;
				GCC_WARN_UNINITIALIZED_AUTOS = YES_AGGRESSIVE;
				GCC_WARN_UNUSED_FUNCTION = YES;
				GCC_WARN_UNUSED_VARIABLE = YES;
				IPHONEOS_DEPLOYMENT_TARGET = 17.4;
				LOCALIZATION_PREFERS_STRING_CATALOGS = YES;
				MTL_ENABLE_DEBUG_INFO = INCLUDE_SOURCE;
				MTL_FAST_MATH = YES;
				ONLY_ACTIVE_ARCH = YES;
				SDKROOT = iphoneos;
				SWIFT_ACTIVE_COMPILATION_CONDITIONS = "DEBUG $(inherited)";
				SWIFT_OPTIMIZATION_LEVEL = "-Onone";
			};
			name = Debug;
		};
		2643ED312BFC968F00BC15CF /* Release */ = {
			isa = XCBuildConfiguration;
			buildSettings = {
				ALWAYS_SEARCH_USER_PATHS = NO;
				ASSETCATALOG_COMPILER_GENERATE_SWIFT_ASSET_SYMBOL_EXTENSIONS = YES;
				CLANG_ANALYZER_NONNULL = YES;
				CLANG_ANALYZER_NUMBER_OBJECT_CONVERSION = YES_AGGRESSIVE;
				CLANG_CXX_LANGUAGE_STANDARD = "gnu++20";
				CLANG_ENABLE_MODULES = YES;
				CLANG_ENABLE_OBJC_ARC = YES;
				CLANG_ENABLE_OBJC_WEAK = YES;
				CLANG_WARN_BLOCK_CAPTURE_AUTORELEASING = YES;
				CLANG_WARN_BOOL_CONVERSION = YES;
				CLANG_WARN_COMMA = YES;
				CLANG_WARN_CONSTANT_CONVERSION = YES;
				CLANG_WARN_DEPRECATED_OBJC_IMPLEMENTATIONS = YES;
				CLANG_WARN_DIRECT_OBJC_ISA_USAGE = YES_ERROR;
				CLANG_WARN_DOCUMENTATION_COMMENTS = YES;
				CLANG_WARN_EMPTY_BODY = YES;
				CLANG_WARN_ENUM_CONVERSION = YES;
				CLANG_WARN_INFINITE_RECURSION = YES;
				CLANG_WARN_INT_CONVERSION = YES;
				CLANG_WARN_NON_LITERAL_NULL_CONVERSION = YES;
				CLANG_WARN_OBJC_IMPLICIT_RETAIN_SELF = YES;
				CLANG_WARN_OBJC_LITERAL_CONVERSION = YES;
				CLANG_WARN_OBJC_ROOT_CLASS = YES_ERROR;
				CLANG_WARN_QUOTED_INCLUDE_IN_FRAMEWORK_HEADER = YES;
				CLANG_WARN_RANGE_LOOP_ANALYSIS = YES;
				CLANG_WARN_STRICT_PROTOTYPES = YES;
				CLANG_WARN_SUSPICIOUS_MOVE = YES;
				CLANG_WARN_UNGUARDED_AVAILABILITY = YES_AGGRESSIVE;
				CLANG_WARN_UNREACHABLE_CODE = YES;
				CLANG_WARN__DUPLICATE_METHOD_MATCH = YES;
				COPY_PHASE_STRIP = NO;
				DEBUG_INFORMATION_FORMAT = "dwarf-with-dsym";
				ENABLE_NS_ASSERTIONS = NO;
				ENABLE_STRICT_OBJC_MSGSEND = YES;
				ENABLE_USER_SCRIPT_SANDBOXING = YES;
				GCC_C_LANGUAGE_STANDARD = gnu17;
				GCC_NO_COMMON_BLOCKS = YES;
				GCC_WARN_64_TO_32_BIT_CONVERSION = YES;
				GCC_WARN_ABOUT_RETURN_TYPE = YES_ERROR;
				GCC_WARN_UNDECLARED_SELECTOR = YES;
				GCC_WARN_UNINITIALIZED_AUTOS = YES_AGGRESSIVE;
				GCC_WARN_UNUSED_FUNCTION = YES;
				GCC_WARN_UNUSED_VARIABLE = YES;
				IPHONEOS_DEPLOYMENT_TARGET = 17.4;
				LOCALIZATION_PREFERS_STRING_CATALOGS = YES;
				MTL_ENABLE_DEBUG_INFO = NO;
				MTL_FAST_MATH = YES;
				SDKROOT = iphoneos;
				SWIFT_COMPILATION_MODE = wholemodule;
				VALIDATE_PRODUCT = YES;
			};
			name = Release;
		};
		2643ED332BFC968F00BC15CF /* Debug */ = {
			isa = XCBuildConfiguration;
			buildSettings = {
				ASSETCATALOG_COMPILER_APPICON_NAME = AppIcon;
				ASSETCATALOG_COMPILER_GLOBAL_ACCENT_COLOR_NAME = AccentColor;
				CODE_SIGN_STYLE = Automatic;
				CURRENT_PROJECT_VERSION = 1;
				DEVELOPMENT_ASSET_PATHS = "\"Mapmory/Preview Content\"";
				DEVELOPMENT_TEAM = VPGX5Q423F;
				ENABLE_PREVIEWS = YES;
				GENERATE_INFOPLIST_FILE = YES;
				INFOPLIST_KEY_LSApplicationCategoryType = "";
				INFOPLIST_KEY_NSLocationWhenInUseUsageDescription = "We need your location to get the city name of where you are right now";
				INFOPLIST_KEY_UIApplicationSceneManifest_Generation = YES;
				INFOPLIST_KEY_UIApplicationSupportsIndirectInputEvents = YES;
				INFOPLIST_KEY_UILaunchScreen_Generation = YES;
				INFOPLIST_KEY_UISupportedInterfaceOrientations_iPad = "UIInterfaceOrientationPortrait UIInterfaceOrientationPortraitUpsideDown UIInterfaceOrientationLandscapeLeft UIInterfaceOrientationLandscapeRight";
				INFOPLIST_KEY_UISupportedInterfaceOrientations_iPhone = "UIInterfaceOrientationPortrait UIInterfaceOrientationLandscapeLeft UIInterfaceOrientationLandscapeRight";
				LD_RUNPATH_SEARCH_PATHS = (
					"$(inherited)",
					"@executable_path/Frameworks",
				);
				MARKETING_VERSION = 1.0;
				PRODUCT_BUNDLE_IDENTIFIER = delta.Mapmory;
				PRODUCT_NAME = "$(TARGET_NAME)";
				SWIFT_EMIT_LOC_STRINGS = YES;
				SWIFT_VERSION = 5.0;
				TARGETED_DEVICE_FAMILY = "1,2";
			};
			name = Debug;
		};
		2643ED342BFC968F00BC15CF /* Release */ = {
			isa = XCBuildConfiguration;
			buildSettings = {
				ASSETCATALOG_COMPILER_APPICON_NAME = AppIcon;
				ASSETCATALOG_COMPILER_GLOBAL_ACCENT_COLOR_NAME = AccentColor;
				CODE_SIGN_STYLE = Automatic;
				CURRENT_PROJECT_VERSION = 1;
				DEVELOPMENT_ASSET_PATHS = "\"Mapmory/Preview Content\"";
				DEVELOPMENT_TEAM = VPGX5Q423F;
				ENABLE_PREVIEWS = YES;
				GENERATE_INFOPLIST_FILE = YES;
				INFOPLIST_KEY_LSApplicationCategoryType = "";
				INFOPLIST_KEY_NSLocationWhenInUseUsageDescription = "We need your location to get the city name of where you are right now";
				INFOPLIST_KEY_UIApplicationSceneManifest_Generation = YES;
				INFOPLIST_KEY_UIApplicationSupportsIndirectInputEvents = YES;
				INFOPLIST_KEY_UILaunchScreen_Generation = YES;
				INFOPLIST_KEY_UISupportedInterfaceOrientations_iPad = "UIInterfaceOrientationPortrait UIInterfaceOrientationPortraitUpsideDown UIInterfaceOrientationLandscapeLeft UIInterfaceOrientationLandscapeRight";
				INFOPLIST_KEY_UISupportedInterfaceOrientations_iPhone = "UIInterfaceOrientationPortrait UIInterfaceOrientationLandscapeLeft UIInterfaceOrientationLandscapeRight";
				LD_RUNPATH_SEARCH_PATHS = (
					"$(inherited)",
					"@executable_path/Frameworks",
				);
				MARKETING_VERSION = 1.0;
				PRODUCT_BUNDLE_IDENTIFIER = delta.Mapmory;
				PRODUCT_NAME = "$(TARGET_NAME)";
				SWIFT_EMIT_LOC_STRINGS = YES;
				SWIFT_VERSION = 5.0;
				TARGETED_DEVICE_FAMILY = "1,2";
			};
			name = Release;
		};
/* End XCBuildConfiguration section */

/* Begin XCConfigurationList section */
		2643ED1F2BFC968D00BC15CF /* Build configuration list for PBXProject "Mapmory" */ = {
			isa = XCConfigurationList;
			buildConfigurations = (
				2643ED302BFC968F00BC15CF /* Debug */,
				2643ED312BFC968F00BC15CF /* Release */,
			);
			defaultConfigurationIsVisible = 0;
			defaultConfigurationName = Release;
		};
		2643ED322BFC968F00BC15CF /* Build configuration list for PBXNativeTarget "Mapmory" */ = {
			isa = XCConfigurationList;
			buildConfigurations = (
				2643ED332BFC968F00BC15CF /* Debug */,
				2643ED342BFC968F00BC15CF /* Release */,
			);
			defaultConfigurationIsVisible = 0;
			defaultConfigurationName = Release;
		};
/* End XCConfigurationList section */
	};
	rootObject = 2643ED1C2BFC968D00BC15CF /* Project object */;
}
